
Microsoft Visual Studio Solution File, Format Version 12.00
# Visual Studio Version 17
VisualStudioVersion = 17.12.35514.174 d17.12
MinimumVisualStudioVersion = 10.0.40219.1
Project("{FAE04EC0-301F-11D3-BF4B-00C04F79EFBC}") = "Okala.CryptoExchange.WebApi", "Okala.CryptoExchange.WebApi\Okala.CryptoExchange.WebApi.csproj", "{5AAE49D4-0CD0-4EB1-81E5-9C1182AECAFB}"
EndProject
Project("{2150E333-8FDC-42A3-9474-1A3956D46DE8}") = "Presentation", "Presentation", "{66EB4047-473F-41C4-9961-3B97D1ACBF4D}"
EndProject
Project("{2150E333-8FDC-42A3-9474-1A3956D46DE8}") = "Core", "Core", "{7E53D772-6DF3-4502-A112-0D477DFBB75F}"
EndProject
Project("{2150E333-8FDC-42A3-9474-1A3956D46DE8}") = "Infra", "Infra", "{47A0382C-5CA9-468F-9021-AFB6BCCC1F68}"
EndProject
Project("{FAE04EC0-301F-11D3-BF4B-00C04F79EFBC}") = "Okala.CryptoExchange.Domain", "Okala.CryptoExchange.Domain\Okala.CryptoExchange.Domain.csproj", "{632615B9-1ED7-42A8-9A07-B30B29D64B8A}"
EndProject
Project("{FAE04EC0-301F-11D3-BF4B-00C04F79EFBC}") = "Okala.CryptoExchange.Application", "Okala.CryptoExchange.Application\Okala.CryptoExchange.Application.csproj", "{5E1BEA21-B65B-4A6A-8405-C99187F24855}"
EndProject
Project("{FAE04EC0-301F-11D3-BF4B-00C04F79EFBC}") = "Okala.CryptoExchange.EfPersistance", "Okala.CryptoExchange.EfPersistance\Okala.CryptoExchange.EfPersistance.csproj", "{77F43E32-22E3-483E-9DFA-3E49959F4A1C}"
EndProject
Project("{FAE04EC0-301F-11D3-BF4B-00C04F79EFBC}") = "Okala.CryptoExchange.ACL", "Okala.CryptoExchange.ACL\Okala.CryptoExchange.ACL.csproj", "{98D3FC7C-6851-46EE-B05D-9D93BECC38AF}"
EndProject
Global
	GlobalSection(SolutionConfigurationPlatforms) = preSolution
		Debug|Any CPU = Debug|Any CPU
		Release|Any CPU = Release|Any CPU
	EndGlobalSection
	GlobalSection(ProjectConfigurationPlatforms) = postSolution
		{5AAE49D4-0CD0-4EB1-81E5-9C1182AECAFB}.Debug|Any CPU.ActiveCfg = Debug|Any CPU
		{5AAE49D4-0CD0-4EB1-81E5-9C1182AECAFB}.Debug|Any CPU.Build.0 = Debug|Any CPU
		{5AAE49D4-0CD0-4EB1-81E5-9C1182AECAFB}.Release|Any CPU.ActiveCfg = Release|Any CPU
		{5AAE49D4-0CD0-4EB1-81E5-9C1182AECAFB}.Release|Any CPU.Build.0 = Release|Any CPU
		{632615B9-1ED7-42A8-9A07-B30B29D64B8A}.Debug|Any CPU.ActiveCfg = Debug|Any CPU
		{632615B9-1ED7-42A8-9A07-B30B29D64B8A}.Debug|Any CPU.Build.0 = Debug|Any CPU
		{632615B9-1ED7-42A8-9A07-B30B29D64B8A}.Release|Any CPU.ActiveCfg = Release|Any CPU
		{632615B9-1ED7-42A8-9A07-B30B29D64B8A}.Release|Any CPU.Build.0 = Release|Any CPU
		{5E1BEA21-B65B-4A6A-8405-C99187F24855}.Debug|Any CPU.ActiveCfg = Debug|Any CPU
		{5E1BEA21-B65B-4A6A-8405-C99187F24855}.Debug|Any CPU.Build.0 = Debug|Any CPU
		{5E1BEA21-B65B-4A6A-8405-C99187F24855}.Release|Any CPU.ActiveCfg = Release|Any CPU
		{5E1BEA21-B65B-4A6A-8405-C99187F24855}.Release|Any CPU.Build.0 = Release|Any CPU
		{77F43E32-22E3-483E-9DFA-3E49959F4A1C}.Debug|Any CPU.ActiveCfg = Debug|Any CPU
		{77F43E32-22E3-483E-9DFA-3E49959F4A1C}.Debug|Any CPU.Build.0 = Debug|Any CPU
		{77F43E32-22E3-483E-9DFA-3E49959F4A1C}.Release|Any CPU.ActiveCfg = Release|Any CPU
		{77F43E32-22E3-483E-9DFA-3E49959F4A1C}.Release|Any CPU.Build.0 = Release|Any CPU
		{98D3FC7C-6851-46EE-B05D-9D93BECC38AF}.Debug|Any CPU.ActiveCfg = Debug|Any CPU
		{98D3FC7C-6851-46EE-B05D-9D93BECC38AF}.Debug|Any CPU.Build.0 = Debug|Any CPU
		{98D3FC7C-6851-46EE-B05D-9D93BECC38AF}.Release|Any CPU.ActiveCfg = Release|Any CPU
		{98D3FC7C-6851-46EE-B05D-9D93BECC38AF}.Release|Any CPU.Build.0 = Release|Any CPU
	EndGlobalSection
	GlobalSection(SolutionProperties) = preSolution
		HideSolutionNode = FALSE
	EndGlobalSection
	GlobalSection(NestedProjects) = preSolution
		{5AAE49D4-0CD0-4EB1-81E5-9C1182AECAFB} = {66EB4047-473F-41C4-9961-3B97D1ACBF4D}
		{632615B9-1ED7-42A8-9A07-B30B29D64B8A} = {7E53D772-6DF3-4502-A112-0D477DFBB75F}
		{5E1BEA21-B65B-4A6A-8405-C99187F24855} = {7E53D772-6DF3-4502-A112-0D477DFBB75F}
		{77F43E32-22E3-483E-9DFA-3E49959F4A1C} = {47A0382C-5CA9-468F-9021-AFB6BCCC1F68}
		{98D3FC7C-6851-46EE-B05D-9D93BECC38AF} = {47A0382C-5CA9-468F-9021-AFB6BCCC1F68}
	EndGlobalSection
EndGlobal
